# Official libimobiledevice upstream release tag and resolved commit SHA-1.
# Update these pins only after reviewing the tagged source and its release notes.
# Project                  version  commit
libplist                   2.8.0    fe3dc34dc3484006e12b403f7ceb06f0ad40b6f4
libimobiledevice-glue      1.3.2    aef2bf0f5bfe961ad83d224166462d87b1df2b00
libtatsu                   1.0.5    42329cb756682535c7c0f087987b78d1dd5b16c8
libusbmuxd                 2.1.1    adf9c22b9010490e4b55eaeb14731991db1c172c
libimobiledevice           1.4.0    149f7623c672c1fa73122c7119a12bfc0012f2ac
libirecovery               1.3.1    b59ef4814525f487287da1609864f432cd79e3ed
libideviceactivation       1.1.1    49cedbab45811a467e163e4d4e8f7149be3ab7da
idevicerestore             1.0.0    a88351d58f9041ae104a794ec9b747d7d0790084
